
Microsoft Visual Studio Solution File, Format Version 12.00
# Visual Studio Version 16
VisualStudioVersion = 16.0.30621.155
MinimumVisualStudioVersion = 10.0.40219.1
Project("{FAE04EC0-301F-11D3-BF4B-00C04F79EFBC}") = "petroleumAPI", "petroleumAPI\petroleumAPI.csproj", "{2C445675-8C97-439E-9D06-BF88EC9E248E}"
EndProject
Global
	GlobalSection(SolutionConfigurationPlatforms) = preSolution
		Debug|Any CPU = Debug|Any CPU
		Release|Any CPU = Release|Any CPU
	EndGlobalSection
	GlobalSection(ProjectConfigurationPlatforms) = postSolution
		{2C445675-8C97-439E-9D06-BF88EC9E248E}.Debug|Any CPU.ActiveCfg = Debug|Any CPU
		{2C445675-8C97-439E-9D06-BF88EC9E248E}.Debug|Any CPU.Build.0 = Debug|Any CPU
		{2C445675-8C97-439E-9D06-BF88EC9E248E}.Release|Any CPU.ActiveCfg = Release|Any CPU
		{2C445675-8C97-439E-9D06-BF88EC9E248E}.Release|Any CPU.Build.0 = Release|Any CPU
	EndGlobalSection
	GlobalSection(SolutionProperties) = preSolution
		HideSolutionNode = FALSE
	EndGlobalSection
	GlobalSection(ExtensibilityGlobals) = postSolution
		SolutionGuid = {744E1EFE-9C16-45A4-8CC9-8CE6FD94F9C1}
	EndGlobalSection
EndGlobal
